github.com/antlr4-go/antlr/v4 v4.13.1 h1:SqQKkuVZ+zWkMMNkjy5FZe5mr5WURWnlpmOuzYWrPrQ=
github.com/antlr4-go/antlr/v4 v4.13.1/go.mod h1:GKmUxMtwp6ZgGwZSva4eWPC5mS6vUAmOABFgjdkM7Nw=
github.com/coder/websocket v1.8.13 h1:f3QZdXy7uGVz+4uCJy2nTZyM0yTBj8yANEHhqlXZ9FE=
github.com/coder/websocket v1.8.13/go.mod h1:LNVeNrXQZfe5qhS9ALED3uA+l5pPqvwXg3CKoDBB2gs=
github.com/go-chi/chi/v5 v5.2.1 h1:KOIHODQj58PmL80G2Eak4WdvUzjSJSm0vG72crDCqb8=
github.com/go-chi/chi/v5 v5.2.1/go.mod h1:L2yAIGWB3H+phAw1NxKwWM+7eUH/lU8pOMm5hHcoops=
github.com/go-chi/cors v1.2.1 h1:xEC8UT3Rlp2QuWNEr4Fs/c2EAGVKBwy/1vHx3bppil4=
github.com/go-chi/cors v1.2.1/go.mod h1:sSbTewc+6wYHBBCW7ytsFSn836hqM7JxpglAy2Vzc58=
github.com/google/uuid v1.6.0 h1:NIvaJDMOsjHA8n1jAhLSgzrAzy1Hgr+hNrb57e+94F0=
github.com/google/uuid v1.6.0/go.mod h1:TIyPZe4MgqvfeYDBFedMoGGpEw/LqOeaOT+nhxU+yHo=
github.com/joho/godotenv v1.5.1 h1:7eLL/+HRGLY0ldzfGMeQkb7vMd0as4CfYvUVzLqw0N0=
github.com/joho/godotenv v1.5.1/go.mod h1:f4LDr5Voq0i2e/R5DDNOoa2zzDfwtkZa6DnEwAbqwq4=
github.com/tursodatabase/libsql-client-go v0.0.0-20240902231107-85af5b9d094d h1:dOMI4+zEbDI37KGb0TI44GUAwxHF9cMsIoDTJ7UmgfU=
github.com/tursodatabase/libsql-client-go v0.0.0-20240902231107-85af5b9d094d/go.mod h1:l8xTsYB90uaVdMHXMCxKKLSgw5wLYBwBKKefNIUnm9s=
golang.org/x/exp v0.0.0-20250531010427-b6e5de432a8b h1:QoALfVG9rhQ/M7vYDScfPdWjGL9dlsVVM5VGh7aKoAA=
golang.org/x/exp v0.0.0-20250531010427-b6e5de432a8b/go.mod h1:U6Lno4MTRCDY+Ba7aCcauB9T60gsv5s4ralQzP72ZoQ=
